
Microsoft Visual Studio Solution File, Format Version 12.00
# Visual Studio Version 17
VisualStudioVersion = 17.10.35013.160
MinimumVisualStudioVersion = 10.0.40219.1
Project("{FAE04EC0-301F-11D3-BF4B-00C04F79EFBC}") = "Examples", "SadDamo6\Examples.csproj", "{ED172528-0583-4ED6-99B4-7AF0F5575962}"
EndProject
Global
	GlobalSection(SolutionConfigurationPlatforms) = preSolution
		Debug|Any CPU = Debug|Any CPU
		Release|Any CPU = Release|Any CPU
	EndGlobalSection
	GlobalSection(ProjectConfigurationPlatforms) = postSolution
		{ED172528-0583-4ED6-99B4-7AF0F5575962}.Debug|Any CPU.ActiveCfg = Debug|Any CPU
		{ED172528-0583-4ED6-99B4-7AF0F5575962}.Debug|Any CPU.Build.0 = Debug|Any CPU
		{ED172528-0583-4ED6-99B4-7AF0F5575962}.Release|Any CPU.ActiveCfg = Release|Any CPU
		{ED172528-0583-4ED6-99B4-7AF0F5575962}.Release|Any CPU.Build.0 = Release|Any CPU
	EndGlobalSection
	GlobalSection(SolutionProperties) = preSolution
		HideSolutionNode = FALSE
	EndGlobalSection
	GlobalSection(ExtensibilityGlobals) = postSolution
		SolutionGuid = {1068D166-56A6-4A25-B253-DB25AF528B70}
	EndGlobalSection
EndGlobal
